lockfileVersion: '9.0'

settings:
  autoInstallPeers: true
  excludeLinksFromLockfile: false

importers:

  .:
    dependencies:
      '@fontsource/geist-sans':
        specifier: ^5.2.5
        version: 5.2.5
      '@founder-control-plane/shared':
        specifier: workspace:*
        version: link:../../packages/shared

packages:

  '@fontsource/geist-sans@5.2.5':
    resolution: {integrity: sha512-anllOHyJbElRs9fV15TeDRqAeb1IKm4bSknPl6ZMoyPTx1BBy7logudcUwpNjmQLkzn4Q0JGQLRCUKJYoyST6A==}

snapshots:

  '@fontsource/geist-sans@5.2.5': {}
